// !$*UTF8*$!
{
	archiveVersion = 1;
	classes = {
	};
	objectVersion = 56;
	objects = {

/* Begin PBXBuildFile section */
		EBA377CA29ACB83000E86D9C /* AppDelegate.swift in Sources */ = {isa = PBXBuildFile; fileRef = EBA377C929ACB83000E86D9C /* AppDelegate.swift */; };
		EBA377CC29ACB83000E86D9C /* SceneDelegate.swift in Sources */ = {isa = PBXBuildFile; fileRef = EBA377CB29ACB83000E86D9C /* SceneDelegate.swift */; };
		EBA377CE29ACB83000E86D9C /* ViewController.swift in Sources */ = {isa = PBXBuildFile; fileRef = EBA377CD29ACB83000E86D9C /* ViewController.swift */; };
		EBA377D129ACB83000E86D9C /* Main.storyboard in Resources */ = {isa = PBXBuildFile; fileRef = EBA377CF29ACB83000E86D9C /* Main.storyboard */; };
		EBA377D429ACB83000E86D9C /* MyBestTravels.xcdatamodeld in Sources */ = {isa = PBXBuildFile; fileRef = EBA377D229ACB83000E86D9C /* MyBestTravels.xcdatamodeld */; };
		EBA377D629ACB83100E86D9C /* Assets.xcassets in Resources */ = {isa = PBXBuildFile; fileRef = EBA377D529ACB83100E86D9C /* Assets.xcassets */; };
		EBA377D929ACB83100E86D9C /* LaunchScreen.storyboard in Resources */ = {isa = PBXBuildFile; fileRef = EBA377D729ACB83100E86D9C /* LaunchScreen.storyboard */; };
		EBA377E129ACD5AE00E86D9C /* TravelsNames.swift in Sources */ = {isa = PBXBuildFile; fileRef = EBA377E029ACD5AE00E86D9C /* TravelsNames.swift */; };
		EBA377E329ACDDAE00E86D9C /* DetailsVC.swift in Sources */ = {isa = PBXBuildFile; fileRef = EBA377E229ACDDAE00E86D9C /* DetailsVC.swift */; };
/* End PBXBuildFile section */

/* Begin PBXFileReference section */
		EBA377C629ACB83000E86D9C /* MyBestTravels.app */ = {isa = PBXFileReference; explicitFileType = wrapper.application; includeInIndex = 0; path = MyBestTravels.app; sourceTree = BUILT_PRODUCTS_DIR; };
		EBA377C929ACB83000E86D9C /* AppDelegate.swift */ = {isa = PBXFileReference; lastKnownFileType = sourcecode.swift; path = AppDelegate.swift; sourceTree = "<group>"; };
		EBA377CB29ACB83000E86D9C /* SceneDelegate.swift */ = {isa = PBXFileReference; lastKnownFileType = sourcecode.swift; path = SceneDelegate.swift; sourceTree = "<group>"; };
		EBA377CD29ACB83000E86D9C /* ViewController.swift */ = {isa = PBXFileReference; lastKnownFileType = sourcecode.swift; path = ViewController.swift; sourceTree = "<group>"; };
		EBA377D029ACB83000E86D9C /* Base */ = {isa = PBXFileReference; lastKnownFileType = file.storyboard; name = Base; path = Base.lproj/Main.storyboard; sourceTree = "<group>"; };
		EBA377D329ACB83000E86D9C /* MyBestTravels.xcdatamodel */ = {isa = PBXFileReference; lastKnownFileType = wrapper.xcdatamodel; path = MyBestTravels.xcdatamodel; sourceTree = "<group>"; };
		EBA377D529ACB83100E86D9C /* Assets.xcassets */ = {isa = PBXFileReference; lastKnownFileType = folder.assetcatalog; path = Assets.xcassets; sourceTree = "<group>"; };
		EBA377D829ACB83100E86D9C /* Base */ = {isa = PBXFileReference; lastKnownFileType = file.storyboard; name = Base; path = Base.lproj/LaunchScreen.storyboard; sourceTree = "<group>"; };
		EBA377DA29ACB83100E86D9C /* Info.plist */ = {isa = PBXFileReference; lastKnownFileType = text.plist.xml; path = Info.plist; sourceTree = "<group>"; };
		EBA377E029ACD5AE00E86D9C /* TravelsNames.swift */ = {isa = PBXFileReference; lastKnownFileType = sourcecode.swift; path = TravelsNames.swift; sourceTree = "<group>"; };
		EBA377E229ACDDAE00E86D9C /* DetailsVC.swift */ = {isa = PBXFileReference; lastKnownFileType = sourcecode.swift; path = DetailsVC.swift; sourceTree = "<group>"; };
/* End PBXFileReference section */

/* Begin PBXFrameworksBuildPhase section */
		EBA377C329ACB83000E86D9C /* Frameworks */ = {
			isa = PBXFrameworksBuildPhase;
			buildActionMask = 2147483647;
			files = (
			);
			runOnlyForDeploymentPostprocessing = 0;
		};
/* End PBXFrameworksBuildPhase section */

/* Begin PBXGroup section */
		EBA377BD29ACB83000E86D9C = {
			isa = PBXGroup;
			children = (
				EBA377C829ACB83000E86D9C /* MyBestTravels */,
				EBA377C729ACB83000E86D9C /* Products */,
			);
			sourceTree = "<group>";
		};
		EBA377C729ACB83000E86D9C /* Products */ = {
			isa = PBXGroup;
			children = (
				EBA377C629ACB83000E86D9C /* MyBestTravels.app */,
			);
			name = Products;
			sourceTree = "<group>";
		};
		EBA377C829ACB83000E86D9C /* MyBestTravels */ = {
			isa = PBXGroup;
			children = (
				EBA377C929ACB83000E86D9C /* AppDelegate.swift */,
				EBA377CB29ACB83000E86D9C /* SceneDelegate.swift */,
				EBA377CD29ACB83000E86D9C /* ViewController.swift */,
				EBA377E029ACD5AE00E86D9C /* TravelsNames.swift */,
				EBA377E229ACDDAE00E86D9C /* DetailsVC.swift */,
				EBA377CF29ACB83000E86D9C /* Main.storyboard */,
				EBA377D529ACB83100E86D9C /* Assets.xcassets */,
				EBA377D729ACB83100E86D9C /* LaunchScreen.storyboard */,
				EBA377DA29ACB83100E86D9C /* Info.plist */,
				EBA377D229ACB83000E86D9C /* MyBestTravels.xcdatamodeld */,
			);
			path = MyBestTravels;
			sourceTree = "<group>";
		};
/* End PBXGroup section */

/* Begin PBXNativeTarget section */
		EBA377C529ACB83000E86D9C /* MyBestTravels */ = {
			isa = PBXNativeTarget;
			buildConfigurationList = EBA377DD29ACB83100E86D9C /* Build configuration list for PBXNativeTarget "MyBestTravels" */;
			buildPhases = (
				EBA377C229ACB83000E86D9C /* Sources */,
				EBA377C329ACB83000E86D9C /* Frameworks */,
				EBA377C429ACB83000E86D9C /* Resources */,
			);
			buildRules = (
			);
			dependencies = (
			);
			name = MyBestTravels;
			productName = MyBestTravels;
			productReference = EBA377C629ACB83000E86D9C /* MyBestTravels.app */;
			productType = "com.apple.product-type.application";
		};
/* End PBXNativeTarget section */

/* Begin PBXProject section */
		EBA377BE29ACB83000E86D9C /* Project object */ = {
			isa = PBXProject;
			attributes = {
				BuildIndependentTargetsInParallel = 1;
				LastSwiftUpdateCheck = 1420;
				LastUpgradeCheck = 1420;
				TargetAttributes = {
					EBA377C529ACB83000E86D9C = {
						CreatedOnToolsVersion = 14.2;
					};
				};
			};
			buildConfigurationList = EBA377C129ACB83000E86D9C /* Build configuration list for PBXProject "MyBestTravels" */;
			compatibilityVersion = "Xcode 14.0";
			developmentRegion = en;
			hasScannedForEncodings = 0;
			knownRegions = (
				en,
				Base,
			);
			mainGroup = EBA377BD29ACB83000E86D9C;
			productRefGroup = EBA377C729ACB83000E86D9C /* Products */;
			projectDirPath = "";
			projectRoot = "";
			targets = (
				EBA377C529ACB83000E86D9C /* MyBestTravels */,
			);
		};
/* End PBXProject section */

/* Begin PBXResourcesBuildPhase section */
		EBA377C429ACB83000E86D9C /* Resources */ = {
			isa = PBXResourcesBuildPhase;
			buildActionMask = 2147483647;
			files = (
				EBA377D929ACB83100E86D9C /* LaunchScreen.storyboard in Resources */,
				EBA377D629ACB83100E86D9C /* Assets.xcassets in Resources */,
				EBA377D129ACB83000E86D9C /* Main.storyboard in Resources */,
			);
			runOnlyForDeploymentPostprocessing = 0;
		};
/* End PBXResourcesBuildPhase section */

/* Begin PBXSourcesBuildPhase section */
		EBA377C229ACB83000E86D9C /* Sources */ = {
			isa = PBXSourcesBuildPhase;
			buildActionMask = 2147483647;
			files = (
				EBA377E129ACD5AE00E86D9C /* TravelsNames.swift in Sources */,
				EBA377E329ACDDAE00E86D9C /* DetailsVC.swift in Sources */,
				EBA377CE29ACB83000E86D9C /* ViewController.swift in Sources */,
				EBA377CA29ACB83000E86D9C /* AppDelegate.swift in Sources */,
				EBA377CC29ACB83000E86D9C /* SceneDelegate.swift in Sources */,
				EBA377D429ACB83000E86D9C /* MyBestTravels.xcdatamodeld in Sources */,
			);
			runOnlyForDeploymentPostprocessing = 0;
		};
/* End PBXSourcesBuildPhase section */

/* Begin PBXVariantGroup section */
		EBA377CF29ACB83000E86D9C /* Main.storyboard */ = {
			isa = PBXVariantGroup;
			children = (
				EBA377D029ACB83000E86D9C /* Base */,
			);
			name = Main.storyboard;
			sourceTree = "<group>";
		};
		EBA377D729ACB83100E86D9C /* LaunchScreen.storyboard */ = {
			isa = PBXVariantGroup;
			children = (
				EBA377D829ACB83100E86D9C /* Base */,
			);
			name = LaunchScreen.storyboard;
			sourceTree = "<group>";
		};
/* End PBXVariantGroup section */

/* Begin XCBuildConfiguration section */
		EBA377DB29ACB83100E86D9C /* Debug */ = {
			isa = XCBuildConfiguration;
			buildSettings = {
				ALWAYS_SEARCH_USER_PATHS = NO;
				CLANG_ANALYZER_NONNULL = YES;
				CLANG_ANALYZER_NUMBER_OBJECT_CONVERSION = YES_AGGRESSIVE;
				CLANG_CXX_LANGUAGE_STANDARD = "gnu++20";
				CLANG_ENABLE_MODULES = YES;
				CLANG_ENABLE_OBJC_ARC = YES;
				CLANG_ENABLE_OBJC_WEAK = YES;
				CLANG_WARN_BLOCK_CAPTURE_AUTORELEASING = YES;
				CLANG_WARN_BOOL_CONVERSION = YES;
				CLANG_WARN_COMMA = YES;
				CLANG_WARN_CONSTANT_CONVERSION = YES;
				CLANG_WARN_DEPRECATED_OBJC_IMPLEMENTATIONS = YES;
				CLANG_WARN_DIRECT_OBJC_ISA_USAGE = YES_ERROR;
				CLANG_WARN_DOCUMENTATION_COMMENTS = YES;
				CLANG_WARN_EMPTY_BODY = YES;
				CLANG_WARN_ENUM_CONVERSION = YES;
				CLANG_WARN_INFINITE_RECURSION = YES;
				CLANG_WARN_INT_CONVERSION = YES;
				CLANG_WARN_NON_LITERAL_NULL_CONVERSION = YES;
				CLANG_WARN_OBJC_IMPLICIT_RETAIN_SELF = YES;
				CLANG_WARN_OBJC_LITERAL_CONVERSION = YES;
				CLANG_WARN_OBJC_ROOT_CLASS = YES_ERROR;
				CLANG_WARN_QUOTED_INCLUDE_IN_FRAMEWORK_HEADER = YES;
				CLANG_WARN_RANGE_LOOP_ANALYSIS = YES;
				CLANG_WARN_STRICT_PROTOTYPES = YES;
				CLANG_WARN_SUSPICIOUS_MOVE = YES;
				CLANG_WARN_UNGUARDED_AVAILABILITY = YES_AGGRESSIVE;
				CLANG_WARN_UNREACHABLE_CODE = YES;
				CLANG_WARN__DUPLICATE_METHOD_MATCH = YES;
				COPY_PHASE_STRIP = NO;
				DEBUG_INFORMATION_FORMAT = dwarf;
				ENABLE_STRICT_OBJC_MSGSEND = YES;
				ENABLE_TESTABILITY = YES;
				GCC_C_LANGUAGE_STANDARD = gnu11;
				GCC_DYNAMIC_NO_PIC = NO;
				GCC_NO_COMMON_BLOCKS = YES;
				GCC_OPTIMIZATION_LEVEL = 0;
				GCC_PREPROCESSOR_DEFINITIONS = (
					"DEBUG=1",
					"$(inherited)",
				);
				GCC_WARN_64_TO_32_BIT_CONVERSION = YES;
				GCC_WARN_ABOUT_RETURN_TYPE = YES_ERROR;
				GCC_WARN_UNDECLARED_SELECTOR = YES;
				GCC_WARN_UNINITIALIZED_AUTOS = YES_AGGRESSIVE;
				GCC_WARN_UNUSED_FUNCTION = YES;
				GCC_WARN_UNUSED_VARIABLE = YES;
				IPHONEOS_DEPLOYMENT_TARGET = 16.2;
				MTL_ENABLE_DEBUG_INFO = INCLUDE_SOURCE;
				MTL_FAST_MATH = YES;
				ONLY_ACTIVE_ARCH = YES;
				SDKROOT = iphoneos;
				SWIFT_ACTIVE_COMPILATION_CONDITIONS = DEBUG;
				SWIFT_OPTIMIZATION_LEVEL = "-Onone";
			};
			name = Debug;
		};
		EBA377DC29ACB83100E86D9C /* Release */ = {
			isa = XCBuildConfiguration;
			buildSettings = {
				ALWAYS_SEARCH_USER_PATHS = NO;
				CLANG_ANALYZER_NONNULL = YES;
				CLANG_ANALYZER_NUMBER_OBJECT_CONVERSION = YES_AGGRESSIVE;
				CLANG_CXX_LANGUAGE_STANDARD = "gnu++20";
				CLANG_ENABLE_MODULES = YES;
				CLANG_ENABLE_OBJC_ARC = YES;
				CLANG_ENABLE_OBJC_WEAK = YES;
				CLANG_WARN_BLOCK_CAPTURE_AUTORELEASING = YES;
				CLANG_WARN_BOOL_CONVERSION = YES;
				CLANG_WARN_COMMA = YES;
				CLANG_WARN_CONSTANT_CONVERSION = YES;
				CLANG_WARN_DEPRECATED_OBJC_IMPLEMENTATIONS = YES;
				CLANG_WARN_DIRECT_OBJC_ISA_USAGE = YES_ERROR;
				CLANG_WARN_DOCUMENTATION_COMMENTS = YES;
				CLANG_WARN_EMPTY_BODY = YES;
				CLANG_WARN_ENUM_CONVERSION = YES;
				CLANG_WARN_INFINITE_RECURSION = YES;
				CLANG_WARN_INT_CONVERSION = YES;
				CLANG_WARN_NON_LITERAL_NULL_CONVERSION = YES;
				CLANG_WARN_OBJC_IMPLICIT_RETAIN_SELF = YES;
				CLANG_WARN_OBJC_LITERAL_CONVERSION = YES;
				CLANG_WARN_OBJC_ROOT_CLASS = YES_ERROR;
				CLANG_WARN_QUOTED_INCLUDE_IN_FRAMEWORK_HEADER = YES;
				CLANG_WARN_RANGE_LOOP_ANALYSIS = YES;
				CLANG_WARN_STRICT_PROTOTYPES = YES;
				CLANG_WARN_SUSPICIOUS_MOVE = YES;
				CLANG_WARN_UNGUARDED_AVAILABILITY = YES_AGGRESSIVE;
				CLANG_WARN_UNREACHABLE_CODE = YES;
				CLANG_WARN__DUPLICATE_METHOD_MATCH = YES;
				COPY_PHASE_STRIP = NO;
				DEBUG_INFORMATION_FORMAT = "dwarf-with-dsym";
				ENABLE_NS_ASSERTIONS = NO;
				ENABLE_STRICT_OBJC_MSGSEND = YES;
				GCC_C_LANGUAGE_STANDARD = gnu11;
				GCC_NO_COMMON_BLOCKS = YES;
				GCC_WARN_64_TO_32_BIT_CONVERSION = YES;
				GCC_WARN_ABOUT_RETURN_TYPE = YES_ERROR;
				GCC_WARN_UNDECLARED_SELECTOR = YES;
				GCC_WARN_UNINITIALIZED_AUTOS = YES_AGGRESSIVE;
				GCC_WARN_UNUSED_FUNCTION = YES;
				GCC_WARN_UNUSED_VARIABLE = YES;
				IPHONEOS_DEPLOYMENT_TARGET = 16.2;
				MTL_ENABLE_DEBUG_INFO = NO;
				MTL_FAST_MATH = YES;
				SDKROOT = iphoneos;
				SWIFT_COMPILATION_MODE = wholemodule;
				SWIFT_OPTIMIZATION_LEVEL = "-O";
				VALIDATE_PRODUCT = YES;
			};
			name = Release;
		};
		EBA377DE29ACB83100E86D9C /* Debug */ = {
			isa = XCBuildConfiguration;
			buildSettings = {
				ASSETCATALOG_COMPILER_APPICON_NAME = AppIcon;
				ASSETCATALOG_COMPILER_GLOBAL_ACCENT_COLOR_NAME = AccentColor;
				CODE_SIGN_STYLE = Automatic;
				CURRENT_PROJECT_VERSION = 1;
				DEVELOPMENT_TEAM = 69TA9S59X6;
				GENERATE_INFOPLIST_FILE = YES;
				INFOPLIST_FILE = MyBestTravels/Info.plist;
				INFOPLIST_KEY_UIApplicationSupportsIndirectInputEvents = YES;
				INFOPLIST_KEY_UILaunchStoryboardName = LaunchScreen;
				INFOPLIST_KEY_UIMainStoryboardFile = Main;
				INFOPLIST_KEY_UISupportedInterfaceOrientations_iPad = "UIInterfaceOrientationPortrait UIInterfaceOrientationPortraitUpsideDown UIInterfaceOrientationLandscapeLeft UIInterfaceOrientationLandscapeRight";
				INFOPLIST_KEY_UISupportedInterfaceOrientations_iPhone = "UIInterfaceOrientationPortrait UIInterfaceOrientationLandscapeLeft UIInterfaceOrientationLandscapeRight";
				LD_RUNPATH_SEARCH_PATHS = (
					"$(inherited)",
					"@executable_path/Frameworks",
				);
				MARKETING_VERSION = 1.0;
				PRODUCT_BUNDLE_IDENTIFIER = com.yasinozdemir.MyBestTravels;
				PRODUCT_NAME = "$(TARGET_NAME)";
				SWIFT_EMIT_LOC_STRINGS = YES;
				SWIFT_VERSION = 5.0;
				TARGETED_DEVICE_FAMILY = "1,2";
			};
			name = Debug;
		};
		EBA377DF29ACB83100E86D9C /* Release */ = {
			isa = XCBuildConfiguration;
			buildSettings = {
				ASSETCATALOG_COMPILER_APPICON_NAME = AppIcon;
				ASSETCATALOG_COMPILER_GLOBAL_ACCENT_COLOR_NAME = AccentColor;
				CODE_SIGN_STYLE = Automatic;
				CURRENT_PROJECT_VERSION = 1;
				DEVELOPMENT_TEAM = 69TA9S59X6;
				GENERATE_INFOPLIST_FILE = YES;
				INFOPLIST_FILE = MyBestTravels/Info.plist;
				INFOPLIST_KEY_UIApplicationSupportsIndirectInputEvents = YES;
				INFOPLIST_KEY_UILaunchStoryboardName = LaunchScreen;
				INFOPLIST_KEY_UIMainStoryboardFile = Main;
				INFOPLIST_KEY_UISupportedInterfaceOrientations_iPad = "UIInterfaceOrientationPortrait UIInterfaceOrientationPortraitUpsideDown UIInterfaceOrientationLandscapeLeft UIInterfaceOrientationLandscapeRight";
				INFOPLIST_KEY_UISupportedInterfaceOrientations_iPhone = "UIInterfaceOrientationPortrait UIInterfaceOrientationLandscapeLeft UIInterfaceOrientationLandscapeRight";
				LD_RUNPATH_SEARCH_PATHS = (
					"$(inherited)",
					"@executable_path/Frameworks",
				);
				MARKETING_VERSION = 1.0;
				PRODUCT_BUNDLE_IDENTIFIER = com.yasinozdemir.MyBestTravels;
				PRODUCT_NAME = "$(TARGET_NAME)";
				SWIFT_EMIT_LOC_STRINGS = YES;
				SWIFT_VERSION = 5.0;
				TARGETED_DEVICE_FAMILY = "1,2";
			};
			name = Release;
		};
/* End XCBuildConfiguration section */

/* Begin XCConfigurationList section */
		EBA377C129ACB83000E86D9C /* Build configuration list for PBXProject "MyBestTravels" */ = {
			isa = XCConfigurationList;
			buildConfigurations = (
				EBA377DB29ACB83100E86D9C /* Debug */,
				EBA377DC29ACB83100E86D9C /* Release */,
			);
			defaultConfigurationIsVisible = 0;
			defaultConfigurationName = Release;
		};
		EBA377DD29ACB83100E86D9C /* Build configuration list for PBXNativeTarget "MyBestTravels" */ = {
			isa = XCConfigurationList;
			buildConfigurations = (
				EBA377DE29ACB83100E86D9C /* Debug */,
				EBA377DF29ACB83100E86D9C /* Release */,
			);
			defaultConfigurationIsVisible = 0;
			defaultConfigurationName = Release;
		};
/* End XCConfigurationList section */

/* Begin XCVersionGroup section */
		EBA377D229ACB83000E86D9C /* MyBestTravels.xcdatamodeld */ = {
			isa = XCVersionGroup;
			children = (
				EBA377D329ACB83000E86D9C /* MyBestTravels.xcdatamodel */,
			);
			currentVersion = EBA377D329ACB83000E86D9C /* MyBestTravels.xcdatamodel */;
			path = MyBestTravels.xcdatamodeld;
			sourceTree = "<group>";
			versionGroupType = wrapper.xcdatamodel;
		};
/* End XCVersionGroup section */
	};
	rootObject = EBA377BE29ACB83000E86D9C /* Project object */;
}
